
Microsoft Visual Studio Solution File, Format Version 12.00
# Visual Studio Version 17
VisualStudioVersion = 17.13.35828.75 d17.13
MinimumVisualStudioVersion = 10.0.40219.1
Project("{FAE04EC0-301F-11D3-BF4B-00C04F79EFBC}") = "Oscilloscope with Menus Save to File and Open File", "Oscilloscope with Menus Save to File and Open File\Oscilloscope with Menus Save to File and Open File.csproj", "{AD497F92-2611-4B79-8B75-52CA0A20995D}"
EndProject
Global
	GlobalSection(SolutionConfigurationPlatforms) = preSolution
		Debug|Any CPU = Debug|Any CPU
		Release|Any CPU = Release|Any CPU
	EndGlobalSection
	GlobalSection(ProjectConfigurationPlatforms) = postSolution
		{AD497F92-2611-4B79-8B75-52CA0A20995D}.Debug|Any CPU.ActiveCfg = Debug|Any CPU
		{AD497F92-2611-4B79-8B75-52CA0A20995D}.Debug|Any CPU.Build.0 = Debug|Any CPU
		{AD497F92-2611-4B79-8B75-52CA0A20995D}.Release|Any CPU.ActiveCfg = Release|Any CPU
		{AD497F92-2611-4B79-8B75-52CA0A20995D}.Release|Any CPU.Build.0 = Release|Any CPU
	EndGlobalSection
	GlobalSection(SolutionProperties) = preSolution
		HideSolutionNode = FALSE
	EndGlobalSection
	GlobalSection(ExtensibilityGlobals) = postSolution
		SolutionGuid = {819C1391-5F2F-4D02-9DB9-223A6C761760}
	EndGlobalSection
EndGlobal
